
Microsoft Visual Studio Solution File, Format Version 12.00
Project("{FAE04EC0-301F-11D3-BF4B-00C04F79EFBC}") = "DocSearchAIO", "DocSearchAIO\DocSearchAIO.csproj", "{4F249499-2226-48F5-930F-85F35C6CFABD}"
EndProject
Project("{FAE04EC0-301F-11D3-BF4B-00C04F79EFBC}") = "DocSearchAIO_Test", "DocSearchAIO_Test\DocSearchAIO_Test.csproj", "{33550CAB-9C0E-4B7C-BFDC-8E8F04B29860}"
EndProject
Global
	GlobalSection(SolutionConfigurationPlatforms) = preSolution
		Debug|Any CPU = Debug|Any CPU
		Release|Any CPU = Release|Any CPU
	EndGlobalSection
	GlobalSection(ProjectConfigurationPlatforms) = postSolution
		{4F249499-2226-48F5-930F-85F35C6CFABD}.Debug|Any CPU.ActiveCfg = Debug|Any CPU
		{4F249499-2226-48F5-930F-85F35C6CFABD}.Debug|Any CPU.Build.0 = Debug|Any CPU
		{4F249499-2226-48F5-930F-85F35C6CFABD}.Release|Any CPU.ActiveCfg = Release|Any CPU
		{4F249499-2226-48F5-930F-85F35C6CFABD}.Release|Any CPU.Build.0 = Release|Any CPU
		{33550CAB-9C0E-4B7C-BFDC-8E8F04B29860}.Debug|Any CPU.ActiveCfg = Debug|Any CPU
		{33550CAB-9C0E-4B7C-BFDC-8E8F04B29860}.Debug|Any CPU.Build.0 = Debug|Any CPU
		{33550CAB-9C0E-4B7C-BFDC-8E8F04B29860}.Release|Any CPU.ActiveCfg = Release|Any CPU
		{33550CAB-9C0E-4B7C-BFDC-8E8F04B29860}.Release|Any CPU.Build.0 = Release|Any CPU
	EndGlobalSection
EndGlobal
