
Microsoft Visual Studio Solution File, Format Version 12.00
Project("{FAE04EC0-301F-11D3-BF4B-00C04F79EFBC}") = "DocSearchAIO", "DocSearchAIO\DocSearchAIO.csproj", "{4F249499-2226-48F5-930F-85F35C6CFABD}"
EndProject
Project("{FAE04EC0-301F-11D3-BF4B-00C04F79EFBC}") = "DocSearchAIO_Test", "DocSearchAIO_Test\DocSearchAIO_Test.csproj", "{36F4E787-8D0D-431C-8013-BD8484E0477F}"
EndProject
Project("{FAE04EC0-301F-11D3-BF4B-00C04F79EFBC}") = "ClientApp", "ClientApp\ClientApp.csproj", "{56FE2959-7473-448B-828C-6DF445A4CB55}"
EndProject
Global
	GlobalSection(SolutionConfigurationPlatforms) = preSolution
		Debug|Any CPU = Debug|Any CPU
		Release|Any CPU = Release|Any CPU
	EndGlobalSection
	GlobalSection(ProjectConfigurationPlatforms) = postSolution
		{4F249499-2226-48F5-930F-85F35C6CFABD}.Debug|Any CPU.ActiveCfg = Debug|Any CPU
		{4F249499-2226-48F5-930F-85F35C6CFABD}.Debug|Any CPU.Build.0 = Debug|Any CPU
		{4F249499-2226-48F5-930F-85F35C6CFABD}.Release|Any CPU.ActiveCfg = Release|Any CPU
		{4F249499-2226-48F5-930F-85F35C6CFABD}.Release|Any CPU.Build.0 = Release|Any CPU
		{36F4E787-8D0D-431C-8013-BD8484E0477F}.Debug|Any CPU.ActiveCfg = Debug|Any CPU
		{36F4E787-8D0D-431C-8013-BD8484E0477F}.Debug|Any CPU.Build.0 = Debug|Any CPU
		{36F4E787-8D0D-431C-8013-BD8484E0477F}.Release|Any CPU.ActiveCfg = Release|Any CPU
		{36F4E787-8D0D-431C-8013-BD8484E0477F}.Release|Any CPU.Build.0 = Release|Any CPU
		{56FE2959-7473-448B-828C-6DF445A4CB55}.Debug|Any CPU.ActiveCfg = Debug|Any CPU
		{56FE2959-7473-448B-828C-6DF445A4CB55}.Debug|Any CPU.Build.0 = Debug|Any CPU
		{56FE2959-7473-448B-828C-6DF445A4CB55}.Release|Any CPU.ActiveCfg = Release|Any CPU
		{56FE2959-7473-448B-828C-6DF445A4CB55}.Release|Any CPU.Build.0 = Release|Any CPU
	EndGlobalSection
EndGlobal
